// !$*UTF8*$!
{
	archiveVersion = 1;
	classes = {
	};
	objectVersion = 56;
	objects = {

/* Begin PBXBuildFile section */
		4152C8B92B6392F6006779B7 /* AppDelegate.swift in Sources */ = {isa = PBXBuildFile; fileRef = 4152C8B82B6392F6006779B7 /* AppDelegate.swift */; };
		4152C8BB2B6392F6006779B7 /* SceneDelegate.swift in Sources */ = {isa = PBXBuildFile; fileRef = 4152C8BA2B6392F6006779B7 /* SceneDelegate.swift */; };
		4152C8C02B6392F6006779B7 /* Main.storyboard in Resources */ = {isa = PBXBuildFile; fileRef = 4152C8BE2B6392F6006779B7 /* Main.storyboard */; };
		4152C8C22B6392F6006779B7 /* Assets.xcassets in Resources */ = {isa = PBXBuildFile; fileRef = 4152C8C12B6392F6006779B7 /* Assets.xcassets */; };
		4152C8C52B6392F6006779B7 /* LaunchScreen.storyboard in Resources */ = {isa = PBXBuildFile; fileRef = 4152C8C32B6392F6006779B7 /* LaunchScreen.storyboard */; };
		4152C8D02B6392F6006779B7 /* MVVM_WeatherTests.swift in Sources */ = {isa = PBXBuildFile; fileRef = 4152C8CF2B6392F6006779B7 /* MVVM_WeatherTests.swift */; };
		4152C8DA2B6392F6006779B7 /* MVVM_WeatherUITests.swift in Sources */ = {isa = PBXBuildFile; fileRef = 4152C8D92B6392F6006779B7 /* MVVM_WeatherUITests.swift */; };
		4152C8DC2B6392F7006779B7 /* MVVM_WeatherUITestsLaunchTests.swift in Sources */ = {isa = PBXBuildFile; fileRef = 4152C8DB2B6392F7006779B7 /* MVVM_WeatherUITestsLaunchTests.swift */; };
		4152C8EA2B639574006779B7 /* WeatherListTableViewController.swift in Sources */ = {isa = PBXBuildFile; fileRef = 4152C8E92B639574006779B7 /* WeatherListTableViewController.swift */; };
		4152C8EC2B639593006779B7 /* AddWeatherCityViewController.swift in Sources */ = {isa = PBXBuildFile; fileRef = 4152C8EB2B639593006779B7 /* AddWeatherCityViewController.swift */; };
		4152C8EF2B6397F2006779B7 /* WeatherCell.swift in Sources */ = {isa = PBXBuildFile; fileRef = 4152C8EE2B6397F2006779B7 /* WeatherCell.swift */; };
		4152C8F22B639DA6006779B7 /* WeatherService.swift in Sources */ = {isa = PBXBuildFile; fileRef = 4152C8F12B639DA6006779B7 /* WeatherService.swift */; };
		4152C8F52B63A78F006779B7 /* WeatherResponse.swift in Sources */ = {isa = PBXBuildFile; fileRef = 4152C8F42B63A78F006779B7 /* WeatherResponse.swift */; };
		4152C8F82B63A911006779B7 /* AddWeatherViewModel.swift in Sources */ = {isa = PBXBuildFile; fileRef = 4152C8F72B63A911006779B7 /* AddWeatherViewModel.swift */; };
		4152C8FB2B63A936006779B7 /* Constants.swift in Sources */ = {isa = PBXBuildFile; fileRef = 4152C8FA2B63A936006779B7 /* Constants.swift */; };
		4152C8FE2B63A9E6006779B7 /* String+Extension.swift in Sources */ = {isa = PBXBuildFile; fileRef = 4152C8FD2B63A9E6006779B7 /* String+Extension.swift */; };
		4152C9002B63AB06006779B7 /* WeatherListViewModel.swift in Sources */ = {isa = PBXBuildFile; fileRef = 4152C8FF2B63AB06006779B7 /* WeatherListViewModel.swift */; };
		4152C9022B63AE29006779B7 /* Double+Extensions.swift in Sources */ = {isa = PBXBuildFile; fileRef = 4152C9012B63AE29006779B7 /* Double+Extensions.swift */; };
		41CDFFE72B6A35670021DA46 /* SettingTableViewController.swift in Sources */ = {isa = PBXBuildFile; fileRef = 41CDFFE62B6A35670021DA46 /* SettingTableViewController.swift */; };
		41CDFFE92B6A35C30021DA46 /* SettingsViewModel.swift in Sources */ = {isa = PBXBuildFile; fileRef = 41CDFFE82B6A35C30021DA46 /* SettingsViewModel.swift */; };
/* End PBXBuildFile section */

/* Begin PBXContainerItemProxy section */
		4152C8CC2B6392F6006779B7 /* PBXContainerItemProxy */ = {
			isa = PBXContainerItemProxy;
			containerPortal = 4152C8AD2B6392F6006779B7 /* Project object */;
			proxyType = 1;
			remoteGlobalIDString = 4152C8B42B6392F6006779B7;
			remoteInfo = MVVM_Weather;
		};
		4152C8D62B6392F6006779B7 /* PBXContainerItemProxy */ = {
			isa = PBXContainerItemProxy;
			containerPortal = 4152C8AD2B6392F6006779B7 /* Project object */;
			proxyType = 1;
			remoteGlobalIDString = 4152C8B42B6392F6006779B7;
			remoteInfo = MVVM_Weather;
		};
/* End PBXContainerItemProxy section */

/* Begin PBXFileReference section */
		4152C8B52B6392F6006779B7 /* MVVM_Weather.app */ = {isa = PBXFileReference; explicitFileType = wrapper.application; includeInIndex = 0; path = MVVM_Weather.app; sourceTree = BUILT_PRODUCTS_DIR; };
		4152C8B82B6392F6006779B7 /* AppDelegate.swift */ = {isa = PBXFileReference; lastKnownFileType = sourcecode.swift; path = AppDelegate.swift; sourceTree = "<group>"; };
		4152C8BA2B6392F6006779B7 /* SceneDelegate.swift */ = {isa = PBXFileReference; lastKnownFileType = sourcecode.swift; path = SceneDelegate.swift; sourceTree = "<group>"; };
		4152C8BF2B6392F6006779B7 /* Base */ = {isa = PBXFileReference; lastKnownFileType = file.storyboard; name = Base; path = Base.lproj/Main.storyboard; sourceTree = "<group>"; };
		4152C8C12B6392F6006779B7 /* Assets.xcassets */ = {isa = PBXFileReference; lastKnownFileType = folder.assetcatalog; path = Assets.xcassets; sourceTree = "<group>"; };
		4152C8C42B6392F6006779B7 /* Base */ = {isa = PBXFileReference; lastKnownFileType = file.storyboard; name = Base; path = Base.lproj/LaunchScreen.storyboard; sourceTree = "<group>"; };
		4152C8C62B6392F6006779B7 /* Info.plist */ = {isa = PBXFileReference; lastKnownFileType = text.plist.xml; path = Info.plist; sourceTree = "<group>"; };
		4152C8CB2B6392F6006779B7 /* MVVM_WeatherTests.xctest */ = {isa = PBXFileReference; explicitFileType = wrapper.cfbundle; includeInIndex = 0; path = MVVM_WeatherTests.xctest; sourceTree = BUILT_PRODUCTS_DIR; };
		4152C8CF2B6392F6006779B7 /* MVVM_WeatherTests.swift */ = {isa = PBXFileReference; lastKnownFileType = sourcecode.swift; path = MVVM_WeatherTests.swift; sourceTree = "<group>"; };
		4152C8D52B6392F6006779B7 /* MVVM_WeatherUITests.xctest */ = {isa = PBXFileReference; explicitFileType = wrapper.cfbundle; includeInIndex = 0; path = MVVM_WeatherUITests.xctest; sourceTree = BUILT_PRODUCTS_DIR; };
		4152C8D92B6392F6006779B7 /* MVVM_WeatherUITests.swift */ = {isa = PBXFileReference; lastKnownFileType = sourcecode.swift; path = MVVM_WeatherUITests.swift; sourceTree = "<group>"; };
		4152C8DB2B6392F7006779B7 /* MVVM_WeatherUITestsLaunchTests.swift */ = {isa = PBXFileReference; lastKnownFileType = sourcecode.swift; path = MVVM_WeatherUITestsLaunchTests.swift; sourceTree = "<group>"; };
		4152C8E92B639574006779B7 /* WeatherListTableViewController.swift */ = {isa = PBXFileReference; lastKnownFileType = sourcecode.swift; path = WeatherListTableViewController.swift; sourceTree = "<group>"; };
		4152C8EB2B639593006779B7 /* AddWeatherCityViewController.swift */ = {isa = PBXFileReference; lastKnownFileType = sourcecode.swift; path = AddWeatherCityViewController.swift; sourceTree = "<group>"; };
		4152C8EE2B6397F2006779B7 /* WeatherCell.swift */ = {isa = PBXFileReference; lastKnownFileType = sourcecode.swift; path = WeatherCell.swift; sourceTree = "<group>"; };
		4152C8F12B639DA6006779B7 /* WeatherService.swift */ = {isa = PBXFileReference; lastKnownFileType = sourcecode.swift; path = WeatherService.swift; sourceTree = "<group>"; };
		4152C8F42B63A78F006779B7 /* WeatherResponse.swift */ = {isa = PBXFileReference; lastKnownFileType = sourcecode.swift; path = WeatherResponse.swift; sourceTree = "<group>"; };
		4152C8F72B63A911006779B7 /* AddWeatherViewModel.swift */ = {isa = PBXFileReference; lastKnownFileType = sourcecode.swift; path = AddWeatherViewModel.swift; sourceTree = "<group>"; };
		4152C8FA2B63A936006779B7 /* Constants.swift */ = {isa = PBXFileReference; lastKnownFileType = sourcecode.swift; path = Constants.swift; sourceTree = "<group>"; };
		4152C8FD2B63A9E6006779B7 /* String+Extension.swift */ = {isa = PBXFileReference; lastKnownFileType = sourcecode.swift; path = "String+Extension.swift"; sourceTree = "<group>"; };
		4152C8FF2B63AB06006779B7 /* WeatherListViewModel.swift */ = {isa = PBXFileReference; lastKnownFileType = sourcecode.swift; path = WeatherListViewModel.swift; sourceTree = "<group>"; };
		4152C9012B63AE29006779B7 /* Double+Extensions.swift */ = {isa = PBXFileReference; lastKnownFileType = sourcecode.swift; path = "Double+Extensions.swift"; sourceTree = "<group>"; };
		41CDFFE62B6A35670021DA46 /* SettingTableViewController.swift */ = {isa = PBXFileReference; lastKnownFileType = sourcecode.swift; path = SettingTableViewController.swift; sourceTree = "<group>"; };
		41CDFFE82B6A35C30021DA46 /* SettingsViewModel.swift */ = {isa = PBXFileReference; lastKnownFileType = sourcecode.swift; path = SettingsViewModel.swift; sourceTree = "<group>"; };
/* End PBXFileReference section */

/* Begin PBXFrameworksBuildPhase section */
		4152C8B22B6392F6006779B7 /* Frameworks */ = {
			isa = PBXFrameworksBuildPhase;
			buildActionMask = 2147483647;
			files = (
			);
			runOnlyForDeploymentPostprocessing = 0;
		};
		4152C8C82B6392F6006779B7 /* Frameworks */ = {
			isa = PBXFrameworksBuildPhase;
			buildActionMask = 2147483647;
			files = (
			);
			runOnlyForDeploymentPostprocessing = 0;
		};
		4152C8D22B6392F6006779B7 /* Frameworks */ = {
			isa = PBXFrameworksBuildPhase;
			buildActionMask = 2147483647;
			files = (
			);
			runOnlyForDeploymentPostprocessing = 0;
		};
/* End PBXFrameworksBuildPhase section */

/* Begin PBXGroup section */
		4152C8AC2B6392F6006779B7 = {
			isa = PBXGroup;
			children = (
				4152C8B72B6392F6006779B7 /* MVVM_Weather */,
				4152C8CE2B6392F6006779B7 /* MVVM_WeatherTests */,
				4152C8D82B6392F6006779B7 /* MVVM_WeatherUITests */,
				4152C8B62B6392F6006779B7 /* Products */,
			);
			sourceTree = "<group>";
		};
		4152C8B62B6392F6006779B7 /* Products */ = {
			isa = PBXGroup;
			children = (
				4152C8B52B6392F6006779B7 /* MVVM_Weather.app */,
				4152C8CB2B6392F6006779B7 /* MVVM_WeatherTests.xctest */,
				4152C8D52B6392F6006779B7 /* MVVM_WeatherUITests.xctest */,
			);
			name = Products;
			sourceTree = "<group>";
		};
		4152C8B72B6392F6006779B7 /* MVVM_Weather */ = {
			isa = PBXGroup;
			children = (
				4152C8FC2B63A9D9006779B7 /* Extensions */,
				4152C8F92B63A929006779B7 /* Utils */,
				4152C8F62B63A905006779B7 /* ViewModels */,
				4152C8F32B63A788006779B7 /* Model */,
				4152C8F02B639D9A006779B7 /* Services */,
				4152C8ED2B6397DC006779B7 /* CustomCells */,
				4152C8E82B63954C006779B7 /* Controller */,
				4152C8B82B6392F6006779B7 /* AppDelegate.swift */,
				4152C8BA2B6392F6006779B7 /* SceneDelegate.swift */,
				4152C8BE2B6392F6006779B7 /* Main.storyboard */,
				4152C8C12B6392F6006779B7 /* Assets.xcassets */,
				4152C8C32B6392F6006779B7 /* LaunchScreen.storyboard */,
				4152C8C62B6392F6006779B7 /* Info.plist */,
			);
			path = MVVM_Weather;
			sourceTree = "<group>";
		};
		4152C8CE2B6392F6006779B7 /* MVVM_WeatherTests */ = {
			isa = PBXGroup;
			children = (
				4152C8CF2B6392F6006779B7 /* MVVM_WeatherTests.swift */,
			);
			path = MVVM_WeatherTests;
			sourceTree = "<group>";
		};
		4152C8D82B6392F6006779B7 /* MVVM_WeatherUITests */ = {
			isa = PBXGroup;
			children = (
				4152C8D92B6392F6006779B7 /* MVVM_WeatherUITests.swift */,
				4152C8DB2B6392F7006779B7 /* MVVM_WeatherUITestsLaunchTests.swift */,
			);
			path = MVVM_WeatherUITests;
			sourceTree = "<group>";
		};
		4152C8E82B63954C006779B7 /* Controller */ = {
			isa = PBXGroup;
			children = (
				4152C8E92B639574006779B7 /* WeatherListTableViewController.swift */,
				4152C8EB2B639593006779B7 /* AddWeatherCityViewController.swift */,
				41CDFFE62B6A35670021DA46 /* SettingTableViewController.swift */,
			);
			path = Controller;
			sourceTree = "<group>";
		};
		4152C8ED2B6397DC006779B7 /* CustomCells */ = {
			isa = PBXGroup;
			children = (
				4152C8EE2B6397F2006779B7 /* WeatherCell.swift */,
			);
			path = CustomCells;
			sourceTree = "<group>";
		};
		4152C8F02B639D9A006779B7 /* Services */ = {
			isa = PBXGroup;
			children = (
				4152C8F12B639DA6006779B7 /* WeatherService.swift */,
			);
			path = Services;
			sourceTree = "<group>";
		};
		4152C8F32B63A788006779B7 /* Model */ = {
			isa = PBXGroup;
			children = (
				4152C8F42B63A78F006779B7 /* WeatherResponse.swift */,
			);
			path = Model;
			sourceTree = "<group>";
		};
		4152C8F62B63A905006779B7 /* ViewModels */ = {
			isa = PBXGroup;
			children = (
				4152C8F72B63A911006779B7 /* AddWeatherViewModel.swift */,
				4152C8FF2B63AB06006779B7 /* WeatherListViewModel.swift */,
				41CDFFE82B6A35C30021DA46 /* SettingsViewModel.swift */,
			);
			path = ViewModels;
			sourceTree = "<group>";
		};
		4152C8F92B63A929006779B7 /* Utils */ = {
			isa = PBXGroup;
			children = (
				4152C8FA2B63A936006779B7 /* Constants.swift */,
			);
			path = Utils;
			sourceTree = "<group>";
		};
		4152C8FC2B63A9D9006779B7 /* Extensions */ = {
			isa = PBXGroup;
			children = (
				4152C8FD2B63A9E6006779B7 /* String+Extension.swift */,
				4152C9012B63AE29006779B7 /* Double+Extensions.swift */,
			);
			path = Extensions;
			sourceTree = "<group>";
		};
/* End PBXGroup section */

/* Begin PBXNativeTarget section */
		4152C8B42B6392F6006779B7 /* MVVM_Weather */ = {
			isa = PBXNativeTarget;
			buildConfigurationList = 4152C8DF2B6392F7006779B7 /* Build configuration list for PBXNativeTarget "MVVM_Weather" */;
			buildPhases = (
				4152C8B12B6392F6006779B7 /* Sources */,
				4152C8B22B6392F6006779B7 /* Frameworks */,
				4152C8B32B6392F6006779B7 /* Resources */,
			);
			buildRules = (
			);
			dependencies = (
			);
			name = MVVM_Weather;
			productName = MVVM_Weather;
			productReference = 4152C8B52B6392F6006779B7 /* MVVM_Weather.app */;
			productType = "com.apple.product-type.application";
		};
		4152C8CA2B6392F6006779B7 /* MVVM_WeatherTests */ = {
			isa = PBXNativeTarget;
			buildConfigurationList = 4152C8E22B6392F7006779B7 /* Build configuration list for PBXNativeTarget "MVVM_WeatherTests" */;
			buildPhases = (
				4152C8C72B6392F6006779B7 /* Sources */,
				4152C8C82B6392F6006779B7 /* Frameworks */,
				4152C8C92B6392F6006779B7 /* Resources */,
			);
			buildRules = (
			);
			dependencies = (
				4152C8CD2B6392F6006779B7 /* PBXTargetDependency */,
			);
			name = MVVM_WeatherTests;
			productName = MVVM_WeatherTests;
			productReference = 4152C8CB2B6392F6006779B7 /* MVVM_WeatherTests.xctest */;
			productType = "com.apple.product-type.bundle.unit-test";
		};
		4152C8D42B6392F6006779B7 /* MVVM_WeatherUITests */ = {
			isa = PBXNativeTarget;
			buildConfigurationList = 4152C8E52B6392F7006779B7 /* Build configuration list for PBXNativeTarget "MVVM_WeatherUITests" */;
			buildPhases = (
				4152C8D12B6392F6006779B7 /* Sources */,
				4152C8D22B6392F6006779B7 /* Frameworks */,
				4152C8D32B6392F6006779B7 /* Resources */,
			);
			buildRules = (
			);
			dependencies = (
				4152C8D72B6392F6006779B7 /* PBXTargetDependency */,
			);
			name = MVVM_WeatherUITests;
			productName = MVVM_WeatherUITests;
			productReference = 4152C8D52B6392F6006779B7 /* MVVM_WeatherUITests.xctest */;
			productType = "com.apple.product-type.bundle.ui-testing";
		};
/* End PBXNativeTarget section */

/* Begin PBXProject section */
		4152C8AD2B6392F6006779B7 /* Project object */ = {
			isa = PBXProject;
			attributes = {
				BuildIndependentTargetsInParallel = 1;
				LastSwiftUpdateCheck = 1510;
				LastUpgradeCheck = 1510;
				TargetAttributes = {
					4152C8B42B6392F6006779B7 = {
						CreatedOnToolsVersion = 15.1;
					};
					4152C8CA2B6392F6006779B7 = {
						CreatedOnToolsVersion = 15.1;
						TestTargetID = 4152C8B42B6392F6006779B7;
					};
					4152C8D42B6392F6006779B7 = {
						CreatedOnToolsVersion = 15.1;
						TestTargetID = 4152C8B42B6392F6006779B7;
					};
				};
			};
			buildConfigurationList = 4152C8B02B6392F6006779B7 /* Build configuration list for PBXProject "MVVM_Weather" */;
			compatibilityVersion = "Xcode 14.0";
			developmentRegion = en;
			hasScannedForEncodings = 0;
			knownRegions = (
				en,
				Base,
			);
			mainGroup = 4152C8AC2B6392F6006779B7;
			productRefGroup = 4152C8B62B6392F6006779B7 /* Products */;
			projectDirPath = "";
			projectRoot = "";
			targets = (
				4152C8B42B6392F6006779B7 /* MVVM_Weather */,
				4152C8CA2B6392F6006779B7 /* MVVM_WeatherTests */,
				4152C8D42B6392F6006779B7 /* MVVM_WeatherUITests */,
			);
		};
/* End PBXProject section */

/* Begin PBXResourcesBuildPhase section */
		4152C8B32B6392F6006779B7 /* Resources */ = {
			isa = PBXResourcesBuildPhase;
			buildActionMask = 2147483647;
			files = (
				4152C8C52B6392F6006779B7 /* LaunchScreen.storyboard in Resources */,
				4152C8C22B6392F6006779B7 /* Assets.xcassets in Resources */,
				4152C8C02B6392F6006779B7 /* Main.storyboard in Resources */,
			);
			runOnlyForDeploymentPostprocessing = 0;
		};
		4152C8C92B6392F6006779B7 /* Resources */ = {
			isa = PBXResourcesBuildPhase;
			buildActionMask = 2147483647;
			files = (
			);
			runOnlyForDeploymentPostprocessing = 0;
		};
		4152C8D32B6392F6006779B7 /* Resources */ = {
			isa = PBXResourcesBuildPhase;
			buildActionMask = 2147483647;
			files = (
			);
			runOnlyForDeploymentPostprocessing = 0;
		};
/* End PBXResourcesBuildPhase section */

/* Begin PBXSourcesBuildPhase section */
		4152C8B12B6392F6006779B7 /* Sources */ = {
			isa = PBXSourcesBuildPhase;
			buildActionMask = 2147483647;
			files = (
				4152C9022B63AE29006779B7 /* Double+Extensions.swift in Sources */,
				41CDFFE72B6A35670021DA46 /* SettingTableViewController.swift in Sources */,
				4152C8EA2B639574006779B7 /* WeatherListTableViewController.swift in Sources */,
				4152C8F82B63A911006779B7 /* AddWeatherViewModel.swift in Sources */,
				4152C8B92B6392F6006779B7 /* AppDelegate.swift in Sources */,
				4152C9002B63AB06006779B7 /* WeatherListViewModel.swift in Sources */,
				4152C8EF2B6397F2006779B7 /* WeatherCell.swift in Sources */,
				4152C8EC2B639593006779B7 /* AddWeatherCityViewController.swift in Sources */,
				4152C8F22B639DA6006779B7 /* WeatherService.swift in Sources */,
				4152C8BB2B6392F6006779B7 /* SceneDelegate.swift in Sources */,
				4152C8F52B63A78F006779B7 /* WeatherResponse.swift in Sources */,
				4152C8FE2B63A9E6006779B7 /* String+Extension.swift in Sources */,
				4152C8FB2B63A936006779B7 /* Constants.swift in Sources */,
				41CDFFE92B6A35C30021DA46 /* SettingsViewModel.swift in Sources */,
			);
			runOnlyForDeploymentPostprocessing = 0;
		};
		4152C8C72B6392F6006779B7 /* Sources */ = {
			isa = PBXSourcesBuildPhase;
			buildActionMask = 2147483647;
			files = (
				4152C8D02B6392F6006779B7 /* MVVM_WeatherTests.swift in Sources */,
			);
			runOnlyForDeploymentPostprocessing = 0;
		};
		4152C8D12B6392F6006779B7 /* Sources */ = {
			isa = PBXSourcesBuildPhase;
			buildActionMask = 2147483647;
			files = (
				4152C8DA2B6392F6006779B7 /* MVVM_WeatherUITests.swift in Sources */,
				4152C8DC2B6392F7006779B7 /* MVVM_WeatherUITestsLaunchTests.swift in Sources */,
			);
			runOnlyForDeploymentPostprocessing = 0;
		};
/* End PBXSourcesBuildPhase section */

/* Begin PBXTargetDependency section */
		4152C8CD2B6392F6006779B7 /* PBXTargetDependency */ = {
			isa = PBXTargetDependency;
			target = 4152C8B42B6392F6006779B7 /* MVVM_Weather */;
			targetProxy = 4152C8CC2B6392F6006779B7 /* PBXContainerItemProxy */;
		};
		4152C8D72B6392F6006779B7 /* PBXTargetDependency */ = {
			isa = PBXTargetDependency;
			target = 4152C8B42B6392F6006779B7 /* MVVM_Weather */;
			targetProxy = 4152C8D62B6392F6006779B7 /* PBXContainerItemProxy */;
		};
/* End PBXTargetDependency section */

/* Begin PBXVariantGroup section */
		4152C8BE2B6392F6006779B7 /* Main.storyboard */ = {
			isa = PBXVariantGroup;
			children = (
				4152C8BF2B6392F6006779B7 /* Base */,
			);
			name = Main.storyboard;
			sourceTree = "<group>";
		};
		4152C8C32B6392F6006779B7 /* LaunchScreen.storyboard */ = {
			isa = PBXVariantGroup;
			children = (
				4152C8C42B6392F6006779B7 /* Base */,
			);
			name = LaunchScreen.storyboard;
			sourceTree = "<group>";
		};
/* End PBXVariantGroup section */

/* Begin XCBuildConfiguration section */
		4152C8DD2B6392F7006779B7 /* Debug */ = {
			isa = XCBuildConfiguration;
			buildSettings = {
				ALWAYS_SEARCH_USER_PATHS = NO;
				ASSETCATALOG_COMPILER_GENERATE_SWIFT_ASSET_SYMBOL_EXTENSIONS = YES;
				CLANG_ANALYZER_NONNULL = YES;
				CLANG_ANALYZER_NUMBER_OBJECT_CONVERSION = YES_AGGRESSIVE;
				CLANG_CXX_LANGUAGE_STANDARD = "gnu++20";
				CLANG_ENABLE_MODULES = YES;
				CLANG_ENABLE_OBJC_ARC = YES;
				CLANG_ENABLE_OBJC_WEAK = YES;
				CLANG_WARN_BLOCK_CAPTURE_AUTORELEASING = YES;
				CLANG_WARN_BOOL_CONVERSION = YES;
				CLANG_WARN_COMMA = YES;
				CLANG_WARN_CONSTANT_CONVERSION = YES;
				CLANG_WARN_DEPRECATED_OBJC_IMPLEMENTATIONS = YES;
				CLANG_WARN_DIRECT_OBJC_ISA_USAGE = YES_ERROR;
				CLANG_WARN_DOCUMENTATION_COMMENTS = YES;
				CLANG_WARN_EMPTY_BODY = YES;
				CLANG_WARN_ENUM_CONVERSION = YES;
				CLANG_WARN_INFINITE_RECURSION = YES;
				CLANG_WARN_INT_CONVERSION = YES;
				CLANG_WARN_NON_LITERAL_NULL_CONVERSION = YES;
				CLANG_WARN_OBJC_IMPLICIT_RETAIN_SELF = YES;
				CLANG_WARN_OBJC_LITERAL_CONVERSION = YES;
				CLANG_WARN_OBJC_ROOT_CLASS = YES_ERROR;
				CLANG_WARN_QUOTED_INCLUDE_IN_FRAMEWORK_HEADER = YES;
				CLANG_WARN_RANGE_LOOP_ANALYSIS = YES;
				CLANG_WARN_STRICT_PROTOTYPES = YES;
				CLANG_WARN_SUSPICIOUS_MOVE = YES;
				CLANG_WARN_UNGUARDED_AVAILABILITY = YES_AGGRESSIVE;
				CLANG_WARN_UNREACHABLE_CODE = YES;
				CLANG_WARN__DUPLICATE_METHOD_MATCH = YES;
				COPY_PHASE_STRIP = NO;
				DEBUG_INFORMATION_FORMAT = dwarf;
				ENABLE_STRICT_OBJC_MSGSEND = YES;
				ENABLE_TESTABILITY = YES;
				ENABLE_USER_SCRIPT_SANDBOXING = YES;
				GCC_C_LANGUAGE_STANDARD = gnu17;
				GCC_DYNAMIC_NO_PIC = NO;
				GCC_NO_COMMON_BLOCKS = YES;
				GCC_OPTIMIZATION_LEVEL = 0;
				GCC_PREPROCESSOR_DEFINITIONS = (
					"DEBUG=1",
					"$(inherited)",
				);
				GCC_WARN_64_TO_32_BIT_CONVERSION = YES;
				GCC_WARN_ABOUT_RETURN_TYPE = YES_ERROR;
				GCC_WARN_UNDECLARED_SELECTOR = YES;
				GCC_WARN_UNINITIALIZED_AUTOS = YES_AGGRESSIVE;
				GCC_WARN_UNUSED_FUNCTION = YES;
				GCC_WARN_UNUSED_VARIABLE = YES;
				IPHONEOS_DEPLOYMENT_TARGET = 17.2;
				LOCALIZATION_PREFERS_STRING_CATALOGS = YES;
				MTL_ENABLE_DEBUG_INFO = INCLUDE_SOURCE;
				MTL_FAST_MATH = YES;
				ONLY_ACTIVE_ARCH = YES;
				SDKROOT = iphoneos;
				SWIFT_ACTIVE_COMPILATION_CONDITIONS = "DEBUG $(inherited)";
				SWIFT_OPTIMIZATION_LEVEL = "-Onone";
			};
			name = Debug;
		};
		4152C8DE2B6392F7006779B7 /* Release */ = {
			isa = XCBuildConfiguration;
			buildSettings = {
				ALWAYS_SEARCH_USER_PATHS = NO;
				ASSETCATALOG_COMPILER_GENERATE_SWIFT_ASSET_SYMBOL_EXTENSIONS = YES;
				CLANG_ANALYZER_NONNULL = YES;
				CLANG_ANALYZER_NUMBER_OBJECT_CONVERSION = YES_AGGRESSIVE;
				CLANG_CXX_LANGUAGE_STANDARD = "gnu++20";
				CLANG_ENABLE_MODULES = YES;
				CLANG_ENABLE_OBJC_ARC = YES;
				CLANG_ENABLE_OBJC_WEAK = YES;
				CLANG_WARN_BLOCK_CAPTURE_AUTORELEASING = YES;
				CLANG_WARN_BOOL_CONVERSION = YES;
				CLANG_WARN_COMMA = YES;
				CLANG_WARN_CONSTANT_CONVERSION = YES;
				CLANG_WARN_DEPRECATED_OBJC_IMPLEMENTATIONS = YES;
				CLANG_WARN_DIRECT_OBJC_ISA_USAGE = YES_ERROR;
				CLANG_WARN_DOCUMENTATION_COMMENTS = YES;
				CLANG_WARN_EMPTY_BODY = YES;
				CLANG_WARN_ENUM_CONVERSION = YES;
				CLANG_WARN_INFINITE_RECURSION = YES;
				CLANG_WARN_INT_CONVERSION = YES;
				CLANG_WARN_NON_LITERAL_NULL_CONVERSION = YES;
				CLANG_WARN_OBJC_IMPLICIT_RETAIN_SELF = YES;
				CLANG_WARN_OBJC_LITERAL_CONVERSION = YES;
				CLANG_WARN_OBJC_ROOT_CLASS = YES_ERROR;
				CLANG_WARN_QUOTED_INCLUDE_IN_FRAMEWORK_HEADER = YES;
				CLANG_WARN_RANGE_LOOP_ANALYSIS = YES;
				CLANG_WARN_STRICT_PROTOTYPES = YES;
				CLANG_WARN_SUSPICIOUS_MOVE = YES;
				CLANG_WARN_UNGUARDED_AVAILABILITY = YES_AGGRESSIVE;
				CLANG_WARN_UNREACHABLE_CODE = YES;
				CLANG_WARN__DUPLICATE_METHOD_MATCH = YES;
				COPY_PHASE_STRIP = NO;
				DEBUG_INFORMATION_FORMAT = "dwarf-with-dsym";
				ENABLE_NS_ASSERTIONS = NO;
				ENABLE_STRICT_OBJC_MSGSEND = YES;
				ENABLE_USER_SCRIPT_SANDBOXING = YES;
				GCC_C_LANGUAGE_STANDARD = gnu17;
				GCC_NO_COMMON_BLOCKS = YES;
				GCC_WARN_64_TO_32_BIT_CONVERSION = YES;
				GCC_WARN_ABOUT_RETURN_TYPE = YES_ERROR;
				GCC_WARN_UNDECLARED_SELECTOR = YES;
				GCC_WARN_UNINITIALIZED_AUTOS = YES_AGGRESSIVE;
				GCC_WARN_UNUSED_FUNCTION = YES;
				GCC_WARN_UNUSED_VARIABLE = YES;
				IPHONEOS_DEPLOYMENT_TARGET = 17.2;
				LOCALIZATION_PREFERS_STRING_CATALOGS = YES;
				MTL_ENABLE_DEBUG_INFO = NO;
				MTL_FAST_MATH = YES;
				SDKROOT = iphoneos;
				SWIFT_COMPILATION_MODE = wholemodule;
				VALIDATE_PRODUCT = YES;
			};
			name = Release;
		};
		4152C8E02B6392F7006779B7 /* Debug */ = {
			isa = XCBuildConfiguration;
			buildSettings = {
				ASSETCATALOG_COMPILER_APPICON_NAME = AppIcon;
				ASSETCATALOG_COMPILER_GLOBAL_ACCENT_COLOR_NAME = AccentColor;
				CODE_SIGN_STYLE = Automatic;
				CURRENT_PROJECT_VERSION = 1;
				DEVELOPMENT_TEAM = 9UU59NTC96;
				GENERATE_INFOPLIST_FILE = YES;
				INFOPLIST_FILE = MVVM_Weather/Info.plist;
				INFOPLIST_KEY_UIApplicationSupportsIndirectInputEvents = YES;
				INFOPLIST_KEY_UILaunchStoryboardName = LaunchScreen;
				INFOPLIST_KEY_UIMainStoryboardFile = Main;
				INFOPLIST_KEY_UIStatusBarStyle = "";
				INFOPLIST_KEY_UISupportedInterfaceOrientations_iPad = "UIInterfaceOrientationPortrait UIInterfaceOrientationPortraitUpsideDown UIInterfaceOrientationLandscapeLeft UIInterfaceOrientationLandscapeRight";
				INFOPLIST_KEY_UISupportedInterfaceOrientations_iPhone = "UIInterfaceOrientationPortrait UIInterfaceOrientationLandscapeLeft UIInterfaceOrientationLandscapeRight";
				LD_RUNPATH_SEARCH_PATHS = (
					"$(inherited)",
					"@executable_path/Frameworks",
				);
				MARKETING_VERSION = 1.0;
				PRODUCT_BUNDLE_IDENTIFIER = "com.chung.MVVM-Weather";
				PRODUCT_NAME = "$(TARGET_NAME)";
				SWIFT_EMIT_LOC_STRINGS = YES;
				SWIFT_VERSION = 5.0;
				TARGETED_DEVICE_FAMILY = "1,2";
			};
			name = Debug;
		};
		4152C8E12B6392F7006779B7 /* Release */ = {
			isa = XCBuildConfiguration;
			buildSettings = {
				ASSETCATALOG_COMPILER_APPICON_NAME = AppIcon;
				ASSETCATALOG_COMPILER_GLOBAL_ACCENT_COLOR_NAME = AccentColor;
				CODE_SIGN_STYLE = Automatic;
				CURRENT_PROJECT_VERSION = 1;
				DEVELOPMENT_TEAM = 9UU59NTC96;
				GENERATE_INFOPLIST_FILE = YES;
				INFOPLIST_FILE = MVVM_Weather/Info.plist;
				INFOPLIST_KEY_UIApplicationSupportsIndirectInputEvents = YES;
				INFOPLIST_KEY_UILaunchStoryboardName = LaunchScreen;
				INFOPLIST_KEY_UIMainStoryboardFile = Main;
				INFOPLIST_KEY_UIStatusBarStyle = "";
				INFOPLIST_KEY_UISupportedInterfaceOrientations_iPad = "UIInterfaceOrientationPortrait UIInterfaceOrientationPortraitUpsideDown UIInterfaceOrientationLandscapeLeft UIInterfaceOrientationLandscapeRight";
				INFOPLIST_KEY_UISupportedInterfaceOrientations_iPhone = "UIInterfaceOrientationPortrait UIInterfaceOrientationLandscapeLeft UIInterfaceOrientationLandscapeRight";
				LD_RUNPATH_SEARCH_PATHS = (
					"$(inherited)",
					"@executable_path/Frameworks",
				);
				MARKETING_VERSION = 1.0;
				PRODUCT_BUNDLE_IDENTIFIER = "com.chung.MVVM-Weather";
				PRODUCT_NAME = "$(TARGET_NAME)";
				SWIFT_EMIT_LOC_STRINGS = YES;
				SWIFT_VERSION = 5.0;
				TARGETED_DEVICE_FAMILY = "1,2";
			};
			name = Release;
		};
		4152C8E32B6392F7006779B7 /* Debug */ = {
			isa = XCBuildConfiguration;
			buildSettings = {
				ALWAYS_EMBED_SWIFT_STANDARD_LIBRARIES = YES;
				BUNDLE_LOADER = "$(TEST_HOST)";
				CODE_SIGN_STYLE = Automatic;
				CURRENT_PROJECT_VERSION = 1;
				DEVELOPMENT_TEAM = 9UU59NTC96;
				GENERATE_INFOPLIST_FILE = YES;
				IPHONEOS_DEPLOYMENT_TARGET = 17.2;
				MARKETING_VERSION = 1.0;
				PRODUCT_BUNDLE_IDENTIFIER = "com.chung.MVVM-WeatherTests";
				PRODUCT_NAME = "$(TARGET_NAME)";
				SWIFT_EMIT_LOC_STRINGS = NO;
				SWIFT_VERSION = 5.0;
				TARGETED_DEVICE_FAMILY = "1,2";
				TEST_HOST = "$(BUILT_PRODUCTS_DIR)/MVVM_Weather.app/$(BUNDLE_EXECUTABLE_FOLDER_PATH)/MVVM_Weather";
			};
			name = Debug;
		};
		4152C8E42B6392F7006779B7 /* Release */ = {
			isa = XCBuildConfiguration;
			buildSettings = {
				ALWAYS_EMBED_SWIFT_STANDARD_LIBRARIES = YES;
				BUNDLE_LOADER = "$(TEST_HOST)";
				CODE_SIGN_STYLE = Automatic;
				CURRENT_PROJECT_VERSION = 1;
				DEVELOPMENT_TEAM = 9UU59NTC96;
				GENERATE_INFOPLIST_FILE = YES;
				IPHONEOS_DEPLOYMENT_TARGET = 17.2;
				MARKETING_VERSION = 1.0;
				PRODUCT_BUNDLE_IDENTIFIER = "com.chung.MVVM-WeatherTests";
				PRODUCT_NAME = "$(TARGET_NAME)";
				SWIFT_EMIT_LOC_STRINGS = NO;
				SWIFT_VERSION = 5.0;
				TARGETED_DEVICE_FAMILY = "1,2";
				TEST_HOST = "$(BUILT_PRODUCTS_DIR)/MVVM_Weather.app/$(BUNDLE_EXECUTABLE_FOLDER_PATH)/MVVM_Weather";
			};
			name = Release;
		};
		4152C8E62B6392F7006779B7 /* Debug */ = {
			isa = XCBuildConfiguration;
			buildSettings = {
				ALWAYS_EMBED_SWIFT_STANDARD_LIBRARIES = YES;
				CODE_SIGN_STYLE = Automatic;
				CURRENT_PROJECT_VERSION = 1;
				DEVELOPMENT_TEAM = 9UU59NTC96;
				GENERATE_INFOPLIST_FILE = YES;
				MARKETING_VERSION = 1.0;
				PRODUCT_BUNDLE_IDENTIFIER = "com.chung.MVVM-WeatherUITests";
				PRODUCT_NAME = "$(TARGET_NAME)";
				SWIFT_EMIT_LOC_STRINGS = NO;
				SWIFT_VERSION = 5.0;
				TARGETED_DEVICE_FAMILY = "1,2";
				TEST_TARGET_NAME = MVVM_Weather;
			};
			name = Debug;
		};
		4152C8E72B6392F7006779B7 /* Release */ = {
			isa = XCBuildConfiguration;
			buildSettings = {
				ALWAYS_EMBED_SWIFT_STANDARD_LIBRARIES = YES;
				CODE_SIGN_STYLE = Automatic;
				CURRENT_PROJECT_VERSION = 1;
				DEVELOPMENT_TEAM = 9UU59NTC96;
				GENERATE_INFOPLIST_FILE = YES;
				MARKETING_VERSION = 1.0;
				PRODUCT_BUNDLE_IDENTIFIER = "com.chung.MVVM-WeatherUITests";
				PRODUCT_NAME = "$(TARGET_NAME)";
				SWIFT_EMIT_LOC_STRINGS = NO;
				SWIFT_VERSION = 5.0;
				TARGETED_DEVICE_FAMILY = "1,2";
				TEST_TARGET_NAME = MVVM_Weather;
			};
			name = Release;
		};
/* End XCBuildConfiguration section */

/* Begin XCConfigurationList section */
		4152C8B02B6392F6006779B7 /* Build configuration list for PBXProject "MVVM_Weather" */ = {
			isa = XCConfigurationList;
			buildConfigurations = (
				4152C8DD2B6392F7006779B7 /* Debug */,
				4152C8DE2B6392F7006779B7 /* Release */,
			);
			defaultConfigurationIsVisible = 0;
			defaultConfigurationName = Release;
		};
		4152C8DF2B6392F7006779B7 /* Build configuration list for PBXNativeTarget "MVVM_Weather" */ = {
			isa = XCConfigurationList;
			buildConfigurations = (
				4152C8E02B6392F7006779B7 /* Debug */,
				4152C8E12B6392F7006779B7 /* Release */,
			);
			defaultConfigurationIsVisible = 0;
			defaultConfigurationName = Release;
		};
		4152C8E22B6392F7006779B7 /* Build configuration list for PBXNativeTarget "MVVM_WeatherTests" */ = {
			isa = XCConfigurationList;
			buildConfigurations = (
				4152C8E32B6392F7006779B7 /* Debug */,
				4152C8E42B6392F7006779B7 /* Release */,
			);
			defaultConfigurationIsVisible = 0;
			defaultConfigurationName = Release;
		};
		4152C8E52B6392F7006779B7 /* Build configuration list for PBXNativeTarget "MVVM_WeatherUITests" */ = {
			isa = XCConfigurationList;
			buildConfigurations = (
				4152C8E62B6392F7006779B7 /* Debug */,
				4152C8E72B6392F7006779B7 /* Release */,
			);
			defaultConfigurationIsVisible = 0;
			defaultConfigurationName = Release;
		};
/* End XCConfigurationList section */
	};
	rootObject = 4152C8AD2B6392F6006779B7 /* Project object */;
}
